
Microsoft Visual Studio Solution File, Format Version 12.00
# Visual Studio Version 17
Project("{8BC9CEB8-8B4A-11D0-8D11-00A0C91BC942}") = "sandbox", "sandbox\sandbox.vcxproj", "{145A6C82-8039-EB1D-8951-76F4F5AF517F}"
EndProject
Project("{2150E333-8FDC-42A3-9474-1A3956D46DE8}") = "core", "core", "{352CD55D-21E4-16AB-8AEB-EF0676C2B19B}"
EndProject
Project("{8BC9CEB8-8B4A-11D0-8D11-00A0C91BC942}") = "apollo", "apollo\apollo.vcxproj", "{0CDA4CF2-F87B-77C8-E136-8B1CCD77FE18}"
EndProject
Project("{8BC9CEB8-8B4A-11D0-8D11-00A0C91BC942}") = "luna", "luna\luna.vcxproj", "{B5489A7C-A17F-9B0D-4A6C-81103682170F}"
EndProject
Project("{2150E333-8FDC-42A3-9474-1A3956D46DE8}") = "thirdParty", "thirdParty", "{5792A83A-438B-C78C-6CBD-AC115815A798}"
EndProject
Project("{8BC9CEB8-8B4A-11D0-8D11-00A0C91BC942}") = "GLFW", "luna\thirdParty\premake\GLFW.vcxproj", "{154B857C-0182-860D-AA6E-6C109684020F}"
EndProject
Project("{8BC9CEB8-8B4A-11D0-8D11-00A0C91BC942}") = "VkBootstrap", "luna\thirdParty\premake\VkBootstrap.vcxproj", "{C4141359-30CA-8B4E-B9BE-852525738252}"
EndProject
Project("{8BC9CEB8-8B4A-11D0-8D11-00A0C91BC942}") = "imGui", "luna\thirdParty\premake\imGui.vcxproj", "{E00FA80F-4C24-D0C0-15A6-73208179CCF1}"
EndProject
Project("{8BC9CEB8-8B4A-11D0-8D11-00A0C91BC942}") = "imguizmo", "luna\thirdParty\premake\imguizmo.vcxproj", "{76AD0322-627A-5E2D-8B93-4CD577BF93BB}"
EndProject
Project("{8BC9CEB8-8B4A-11D0-8D11-00A0C91BC942}") = "stb", "luna\thirdParty\premake\stb.vcxproj", "{6EAB880B-DAB4-887C-6330-9F7CCF38947C}"
EndProject
Project("{8BC9CEB8-8B4A-11D0-8D11-00A0C91BC942}") = "yaml-cpp", "luna\thirdParty\premake\yaml-cpp.vcxproj", "{88F1A057-74BE-FB62-9DD7-E90A890331F1}"
EndProject
Project("{8BC9CEB8-8B4A-11D0-8D11-00A0C91BC942}") = "zlib", "luna\thirdParty\premake\zlib.vcxproj", "{16CFA17C-0206-A30D-ABF2-881097081F0F}"
EndProject
Global
	GlobalSection(SolutionConfigurationPlatforms) = preSolution
		debug|x64 = debug|x64
		distribution|x64 = distribution|x64
		release|x64 = release|x64
	EndGlobalSection
	GlobalSection(ProjectConfigurationPlatforms) = postSolution
		{145A6C82-8039-EB1D-8951-76F4F5AF517F}.debug|x64.ActiveCfg = debug|x64
		{145A6C82-8039-EB1D-8951-76F4F5AF517F}.debug|x64.Build.0 = debug|x64
		{145A6C82-8039-EB1D-8951-76F4F5AF517F}.distribution|x64.ActiveCfg = distribution|x64
		{145A6C82-8039-EB1D-8951-76F4F5AF517F}.distribution|x64.Build.0 = distribution|x64
		{145A6C82-8039-EB1D-8951-76F4F5AF517F}.release|x64.ActiveCfg = release|x64
		{145A6C82-8039-EB1D-8951-76F4F5AF517F}.release|x64.Build.0 = release|x64
		{0CDA4CF2-F87B-77C8-E136-8B1CCD77FE18}.debug|x64.ActiveCfg = debug|x64
		{0CDA4CF2-F87B-77C8-E136-8B1CCD77FE18}.debug|x64.Build.0 = debug|x64
		{0CDA4CF2-F87B-77C8-E136-8B1CCD77FE18}.distribution|x64.ActiveCfg = distribution|x64
		{0CDA4CF2-F87B-77C8-E136-8B1CCD77FE18}.distribution|x64.Build.0 = distribution|x64
		{0CDA4CF2-F87B-77C8-E136-8B1CCD77FE18}.release|x64.ActiveCfg = release|x64
		{0CDA4CF2-F87B-77C8-E136-8B1CCD77FE18}.release|x64.Build.0 = release|x64
		{B5489A7C-A17F-9B0D-4A6C-81103682170F}.debug|x64.ActiveCfg = debug|x64
		{B5489A7C-A17F-9B0D-4A6C-81103682170F}.debug|x64.Build.0 = debug|x64
		{B5489A7C-A17F-9B0D-4A6C-81103682170F}.distribution|x64.ActiveCfg = distribution|x64
		{B5489A7C-A17F-9B0D-4A6C-81103682170F}.distribution|x64.Build.0 = distribution|x64
		{B5489A7C-A17F-9B0D-4A6C-81103682170F}.release|x64.ActiveCfg = release|x64
		{B5489A7C-A17F-9B0D-4A6C-81103682170F}.release|x64.Build.0 = release|x64
		{154B857C-0182-860D-AA6E-6C109684020F}.debug|x64.ActiveCfg = debug|x64
		{154B857C-0182-860D-AA6E-6C109684020F}.debug|x64.Build.0 = debug|x64
		{154B857C-0182-860D-AA6E-6C109684020F}.distribution|x64.ActiveCfg = distribution|x64
		{154B857C-0182-860D-AA6E-6C109684020F}.distribution|x64.Build.0 = distribution|x64
		{154B857C-0182-860D-AA6E-6C109684020F}.release|x64.ActiveCfg = release|x64
		{154B857C-0182-860D-AA6E-6C109684020F}.release|x64.Build.0 = release|x64
		{C4141359-30CA-8B4E-B9BE-852525738252}.debug|x64.ActiveCfg = debug|x64
		{C4141359-30CA-8B4E-B9BE-852525738252}.debug|x64.Build.0 = debug|x64
		{C4141359-30CA-8B4E-B9BE-852525738252}.distribution|x64.ActiveCfg = distribution|x64
		{C4141359-30CA-8B4E-B9BE-852525738252}.distribution|x64.Build.0 = distribution|x64
		{C4141359-30CA-8B4E-B9BE-852525738252}.release|x64.ActiveCfg = release|x64
		{C4141359-30CA-8B4E-B9BE-852525738252}.release|x64.Build.0 = release|x64
		{E00FA80F-4C24-D0C0-15A6-73208179CCF1}.debug|x64.ActiveCfg = debug|x64
		{E00FA80F-4C24-D0C0-15A6-73208179CCF1}.debug|x64.Build.0 = debug|x64
		{E00FA80F-4C24-D0C0-15A6-73208179CCF1}.distribution|x64.ActiveCfg = distribution|x64
		{E00FA80F-4C24-D0C0-15A6-73208179CCF1}.distribution|x64.Build.0 = distribution|x64
		{E00FA80F-4C24-D0C0-15A6-73208179CCF1}.release|x64.ActiveCfg = release|x64
		{E00FA80F-4C24-D0C0-15A6-73208179CCF1}.release|x64.Build.0 = release|x64
		{76AD0322-627A-5E2D-8B93-4CD577BF93BB}.debug|x64.ActiveCfg = debug|x64
		{76AD0322-627A-5E2D-8B93-4CD577BF93BB}.debug|x64.Build.0 = debug|x64
		{76AD0322-627A-5E2D-8B93-4CD577BF93BB}.distribution|x64.ActiveCfg = distribution|x64
		{76AD0322-627A-5E2D-8B93-4CD577BF93BB}.distribution|x64.Build.0 = distribution|x64
		{76AD0322-627A-5E2D-8B93-4CD577BF93BB}.release|x64.ActiveCfg = release|x64
		{76AD0322-627A-5E2D-8B93-4CD577BF93BB}.release|x64.Build.0 = release|x64
		{6EAB880B-DAB4-887C-6330-9F7CCF38947C}.debug|x64.ActiveCfg = debug|x64
		{6EAB880B-DAB4-887C-6330-9F7CCF38947C}.debug|x64.Build.0 = debug|x64
		{6EAB880B-DAB4-887C-6330-9F7CCF38947C}.distribution|x64.ActiveCfg = distribution|x64
		{6EAB880B-DAB4-887C-6330-9F7CCF38947C}.distribution|x64.Build.0 = distribution|x64
		{6EAB880B-DAB4-887C-6330-9F7CCF38947C}.release|x64.ActiveCfg = release|x64
		{6EAB880B-DAB4-887C-6330-9F7CCF38947C}.release|x64.Build.0 = release|x64
		{88F1A057-74BE-FB62-9DD7-E90A890331F1}.debug|x64.ActiveCfg = debug|x64
		{88F1A057-74BE-FB62-9DD7-E90A890331F1}.debug|x64.Build.0 = debug|x64
		{88F1A057-74BE-FB62-9DD7-E90A890331F1}.distribution|x64.ActiveCfg = distribution|x64
		{88F1A057-74BE-FB62-9DD7-E90A890331F1}.distribution|x64.Build.0 = distribution|x64
		{88F1A057-74BE-FB62-9DD7-E90A890331F1}.release|x64.ActiveCfg = release|x64
		{88F1A057-74BE-FB62-9DD7-E90A890331F1}.release|x64.Build.0 = release|x64
		{16CFA17C-0206-A30D-ABF2-881097081F0F}.debug|x64.ActiveCfg = debug|x64
		{16CFA17C-0206-A30D-ABF2-881097081F0F}.debug|x64.Build.0 = debug|x64
		{16CFA17C-0206-A30D-ABF2-881097081F0F}.distribution|x64.ActiveCfg = distribution|x64
		{16CFA17C-0206-A30D-ABF2-881097081F0F}.distribution|x64.Build.0 = distribution|x64
		{16CFA17C-0206-A30D-ABF2-881097081F0F}.release|x64.ActiveCfg = release|x64
		{16CFA17C-0206-A30D-ABF2-881097081F0F}.release|x64.Build.0 = release|x64
	EndGlobalSection
	GlobalSection(SolutionProperties) = preSolution
		HideSolutionNode = FALSE
	EndGlobalSection
	GlobalSection(NestedProjects) = preSolution
		{0CDA4CF2-F87B-77C8-E136-8B1CCD77FE18} = {352CD55D-21E4-16AB-8AEB-EF0676C2B19B}
		{B5489A7C-A17F-9B0D-4A6C-81103682170F} = {352CD55D-21E4-16AB-8AEB-EF0676C2B19B}
		{154B857C-0182-860D-AA6E-6C109684020F} = {5792A83A-438B-C78C-6CBD-AC115815A798}
		{C4141359-30CA-8B4E-B9BE-852525738252} = {5792A83A-438B-C78C-6CBD-AC115815A798}
		{E00FA80F-4C24-D0C0-15A6-73208179CCF1} = {5792A83A-438B-C78C-6CBD-AC115815A798}
		{76AD0322-627A-5E2D-8B93-4CD577BF93BB} = {5792A83A-438B-C78C-6CBD-AC115815A798}
		{6EAB880B-DAB4-887C-6330-9F7CCF38947C} = {5792A83A-438B-C78C-6CBD-AC115815A798}
		{88F1A057-74BE-FB62-9DD7-E90A890331F1} = {5792A83A-438B-C78C-6CBD-AC115815A798}
		{16CFA17C-0206-A30D-ABF2-881097081F0F} = {5792A83A-438B-C78C-6CBD-AC115815A798}
	EndGlobalSection
EndGlobal
