
Microsoft Visual Studio Solution File, Format Version 12.00
# Visual Studio Version 17
Project("{2150E333-8FDC-42A3-9474-1A3956D46DE8}") = "core", "core", "{352CD55D-21E4-16AB-8AEB-EF0676C2B19B}"
EndProject
Project("{8BC9CEB8-8B4A-11D0-8D11-00A0C91BC942}") = "apollo", "apollo\apollo.vcxproj", "{0CDA4CF2-F87B-77C8-E136-8B1CCD77FE18}"
EndProject
Project("{8BC9CEB8-8B4A-11D0-8D11-00A0C91BC942}") = "luna", "luna\luna.vcxproj", "{B5489A7C-A17F-9B0D-4A6C-81103682170F}"
EndProject
Project("{8BC9CEB8-8B4A-11D0-8D11-00A0C91BC942}") = "runtime", "runtime\runtime.vcxproj", "{692D2264-D50C-A1FF-DE24-2CD64A830761}"
EndProject
Project("{8BC9CEB8-8B4A-11D0-8D11-00A0C91BC942}") = "sandbox", "sandbox\sandbox.vcxproj", "{145A6C82-8039-EB1D-8951-76F4F5AF517F}"
EndProject
Project("{2150E333-8FDC-42A3-9474-1A3956D46DE8}") = "thirdParty", "thirdParty", "{5792A83A-438B-C78C-6CBD-AC115815A798}"
EndProject
Project("{8BC9CEB8-8B4A-11D0-8D11-00A0C91BC942}") = "GLFW", "luna\thirdParty\premake\GLFW.vcxproj", "{154B857C-0182-860D-AA6E-6C109684020F}"
EndProject
Project("{8BC9CEB8-8B4A-11D0-8D11-00A0C91BC942}") = "VkBootstrap", "luna\thirdParty\premake\VkBootstrap.vcxproj", "{C4141359-30CA-8B4E-B9BE-852525738252}"
EndProject
Project("{8BC9CEB8-8B4A-11D0-8D11-00A0C91BC942}") = "imGui", "luna\thirdParty\premake\imGui.vcxproj", "{E00FA80F-4C24-D0C0-15A6-73208179CCF1}"
EndProject
Project("{8BC9CEB8-8B4A-11D0-8D11-00A0C91BC942}") = "imguizmo", "luna\thirdParty\premake\imguizmo.vcxproj", "{76AD0322-627A-5E2D-8B93-4CD577BF93BB}"
EndProject
Project("{8BC9CEB8-8B4A-11D0-8D11-00A0C91BC942}") = "stb", "luna\thirdParty\premake\stb.vcxproj", "{6EAB880B-DAB4-887C-6330-9F7CCF38947C}"
EndProject
Project("{8BC9CEB8-8B4A-11D0-8D11-00A0C91BC942}") = "yaml-cpp", "luna\thirdParty\premake\yaml-cpp.vcxproj", "{88F1A057-74BE-FB62-9DD7-E90A890331F1}"
EndProject
Global
	GlobalSection(SolutionConfigurationPlatforms) = preSolution
		debug|editor64 = debug|editor64
		debug|runtime64 = debug|runtime64
		distribution|editor64 = distribution|editor64
		distribution|runtime64 = distribution|runtime64
		release|editor64 = release|editor64
		release|runtime64 = release|runtime64
	EndGlobalSection
	GlobalSection(ProjectConfigurationPlatforms) = postSolution
		{0CDA4CF2-F87B-77C8-E136-8B1CCD77FE18}.debug|editor64.ActiveCfg = debug editor64|x64
		{0CDA4CF2-F87B-77C8-E136-8B1CCD77FE18}.debug|editor64.Build.0 = debug editor64|x64
		{0CDA4CF2-F87B-77C8-E136-8B1CCD77FE18}.debug|runtime64.ActiveCfg = debug runtime64|x64
		{0CDA4CF2-F87B-77C8-E136-8B1CCD77FE18}.debug|runtime64.Build.0 = debug runtime64|x64
		{0CDA4CF2-F87B-77C8-E136-8B1CCD77FE18}.distribution|editor64.ActiveCfg = distribution editor64|x64
		{0CDA4CF2-F87B-77C8-E136-8B1CCD77FE18}.distribution|editor64.Build.0 = distribution editor64|x64
		{0CDA4CF2-F87B-77C8-E136-8B1CCD77FE18}.distribution|runtime64.ActiveCfg = distribution runtime64|x64
		{0CDA4CF2-F87B-77C8-E136-8B1CCD77FE18}.distribution|runtime64.Build.0 = distribution runtime64|x64
		{0CDA4CF2-F87B-77C8-E136-8B1CCD77FE18}.release|editor64.ActiveCfg = release editor64|x64
		{0CDA4CF2-F87B-77C8-E136-8B1CCD77FE18}.release|editor64.Build.0 = release editor64|x64
		{0CDA4CF2-F87B-77C8-E136-8B1CCD77FE18}.release|runtime64.ActiveCfg = release runtime64|x64
		{0CDA4CF2-F87B-77C8-E136-8B1CCD77FE18}.release|runtime64.Build.0 = release runtime64|x64
		{B5489A7C-A17F-9B0D-4A6C-81103682170F}.debug|editor64.ActiveCfg = debug editor64|x64
		{B5489A7C-A17F-9B0D-4A6C-81103682170F}.debug|editor64.Build.0 = debug editor64|x64
		{B5489A7C-A17F-9B0D-4A6C-81103682170F}.debug|runtime64.ActiveCfg = debug runtime64|x64
		{B5489A7C-A17F-9B0D-4A6C-81103682170F}.debug|runtime64.Build.0 = debug runtime64|x64
		{B5489A7C-A17F-9B0D-4A6C-81103682170F}.distribution|editor64.ActiveCfg = distribution editor64|x64
		{B5489A7C-A17F-9B0D-4A6C-81103682170F}.distribution|editor64.Build.0 = distribution editor64|x64
		{B5489A7C-A17F-9B0D-4A6C-81103682170F}.distribution|runtime64.ActiveCfg = distribution runtime64|x64
		{B5489A7C-A17F-9B0D-4A6C-81103682170F}.distribution|runtime64.Build.0 = distribution runtime64|x64
		{B5489A7C-A17F-9B0D-4A6C-81103682170F}.release|editor64.ActiveCfg = release editor64|x64
		{B5489A7C-A17F-9B0D-4A6C-81103682170F}.release|editor64.Build.0 = release editor64|x64
		{B5489A7C-A17F-9B0D-4A6C-81103682170F}.release|runtime64.ActiveCfg = release runtime64|x64
		{B5489A7C-A17F-9B0D-4A6C-81103682170F}.release|runtime64.Build.0 = release runtime64|x64
		{692D2264-D50C-A1FF-DE24-2CD64A830761}.debug|editor64.ActiveCfg = debug editor64|x64
		{692D2264-D50C-A1FF-DE24-2CD64A830761}.debug|editor64.Build.0 = debug editor64|x64
		{692D2264-D50C-A1FF-DE24-2CD64A830761}.debug|runtime64.ActiveCfg = debug runtime64|x64
		{692D2264-D50C-A1FF-DE24-2CD64A830761}.debug|runtime64.Build.0 = debug runtime64|x64
		{692D2264-D50C-A1FF-DE24-2CD64A830761}.distribution|editor64.ActiveCfg = distribution editor64|x64
		{692D2264-D50C-A1FF-DE24-2CD64A830761}.distribution|editor64.Build.0 = distribution editor64|x64
		{692D2264-D50C-A1FF-DE24-2CD64A830761}.distribution|runtime64.ActiveCfg = distribution runtime64|x64
		{692D2264-D50C-A1FF-DE24-2CD64A830761}.distribution|runtime64.Build.0 = distribution runtime64|x64
		{692D2264-D50C-A1FF-DE24-2CD64A830761}.release|editor64.ActiveCfg = release editor64|x64
		{692D2264-D50C-A1FF-DE24-2CD64A830761}.release|editor64.Build.0 = release editor64|x64
		{692D2264-D50C-A1FF-DE24-2CD64A830761}.release|runtime64.ActiveCfg = release runtime64|x64
		{692D2264-D50C-A1FF-DE24-2CD64A830761}.release|runtime64.Build.0 = release runtime64|x64
		{145A6C82-8039-EB1D-8951-76F4F5AF517F}.debug|editor64.ActiveCfg = debug editor64|x64
		{145A6C82-8039-EB1D-8951-76F4F5AF517F}.debug|editor64.Build.0 = debug editor64|x64
		{145A6C82-8039-EB1D-8951-76F4F5AF517F}.debug|runtime64.ActiveCfg = debug runtime64|x64
		{145A6C82-8039-EB1D-8951-76F4F5AF517F}.debug|runtime64.Build.0 = debug runtime64|x64
		{145A6C82-8039-EB1D-8951-76F4F5AF517F}.distribution|editor64.ActiveCfg = distribution editor64|x64
		{145A6C82-8039-EB1D-8951-76F4F5AF517F}.distribution|editor64.Build.0 = distribution editor64|x64
		{145A6C82-8039-EB1D-8951-76F4F5AF517F}.distribution|runtime64.ActiveCfg = distribution runtime64|x64
		{145A6C82-8039-EB1D-8951-76F4F5AF517F}.distribution|runtime64.Build.0 = distribution runtime64|x64
		{145A6C82-8039-EB1D-8951-76F4F5AF517F}.release|editor64.ActiveCfg = release editor64|x64
		{145A6C82-8039-EB1D-8951-76F4F5AF517F}.release|editor64.Build.0 = release editor64|x64
		{145A6C82-8039-EB1D-8951-76F4F5AF517F}.release|runtime64.ActiveCfg = release runtime64|x64
		{145A6C82-8039-EB1D-8951-76F4F5AF517F}.release|runtime64.Build.0 = release runtime64|x64
		{154B857C-0182-860D-AA6E-6C109684020F}.debug|editor64.ActiveCfg = debug editor64|x64
		{154B857C-0182-860D-AA6E-6C109684020F}.debug|editor64.Build.0 = debug editor64|x64
		{154B857C-0182-860D-AA6E-6C109684020F}.debug|runtime64.ActiveCfg = debug runtime64|x64
		{154B857C-0182-860D-AA6E-6C109684020F}.debug|runtime64.Build.0 = debug runtime64|x64
		{154B857C-0182-860D-AA6E-6C109684020F}.distribution|editor64.ActiveCfg = distribution editor64|x64
		{154B857C-0182-860D-AA6E-6C109684020F}.distribution|editor64.Build.0 = distribution editor64|x64
		{154B857C-0182-860D-AA6E-6C109684020F}.distribution|runtime64.ActiveCfg = distribution runtime64|x64
		{154B857C-0182-860D-AA6E-6C109684020F}.distribution|runtime64.Build.0 = distribution runtime64|x64
		{154B857C-0182-860D-AA6E-6C109684020F}.release|editor64.ActiveCfg = release editor64|x64
		{154B857C-0182-860D-AA6E-6C109684020F}.release|editor64.Build.0 = release editor64|x64
		{154B857C-0182-860D-AA6E-6C109684020F}.release|runtime64.ActiveCfg = release runtime64|x64
		{154B857C-0182-860D-AA6E-6C109684020F}.release|runtime64.Build.0 = release runtime64|x64
		{C4141359-30CA-8B4E-B9BE-852525738252}.debug|editor64.ActiveCfg = debug editor64|x64
		{C4141359-30CA-8B4E-B9BE-852525738252}.debug|editor64.Build.0 = debug editor64|x64
		{C4141359-30CA-8B4E-B9BE-852525738252}.debug|runtime64.ActiveCfg = debug runtime64|x64
		{C4141359-30CA-8B4E-B9BE-852525738252}.debug|runtime64.Build.0 = debug runtime64|x64
		{C4141359-30CA-8B4E-B9BE-852525738252}.distribution|editor64.ActiveCfg = distribution editor64|x64
		{C4141359-30CA-8B4E-B9BE-852525738252}.distribution|editor64.Build.0 = distribution editor64|x64
		{C4141359-30CA-8B4E-B9BE-852525738252}.distribution|runtime64.ActiveCfg = distribution runtime64|x64
		{C4141359-30CA-8B4E-B9BE-852525738252}.distribution|runtime64.Build.0 = distribution runtime64|x64
		{C4141359-30CA-8B4E-B9BE-852525738252}.release|editor64.ActiveCfg = release editor64|x64
		{C4141359-30CA-8B4E-B9BE-852525738252}.release|editor64.Build.0 = release editor64|x64
		{C4141359-30CA-8B4E-B9BE-852525738252}.release|runtime64.ActiveCfg = release runtime64|x64
		{C4141359-30CA-8B4E-B9BE-852525738252}.release|runtime64.Build.0 = release runtime64|x64
		{E00FA80F-4C24-D0C0-15A6-73208179CCF1}.debug|editor64.ActiveCfg = debug editor64|x64
		{E00FA80F-4C24-D0C0-15A6-73208179CCF1}.debug|editor64.Build.0 = debug editor64|x64
		{E00FA80F-4C24-D0C0-15A6-73208179CCF1}.debug|runtime64.ActiveCfg = debug runtime64|x64
		{E00FA80F-4C24-D0C0-15A6-73208179CCF1}.debug|runtime64.Build.0 = debug runtime64|x64
		{E00FA80F-4C24-D0C0-15A6-73208179CCF1}.distribution|editor64.ActiveCfg = distribution editor64|x64
		{E00FA80F-4C24-D0C0-15A6-73208179CCF1}.distribution|editor64.Build.0 = distribution editor64|x64
		{E00FA80F-4C24-D0C0-15A6-73208179CCF1}.distribution|runtime64.ActiveCfg = distribution runtime64|x64
		{E00FA80F-4C24-D0C0-15A6-73208179CCF1}.distribution|runtime64.Build.0 = distribution runtime64|x64
		{E00FA80F-4C24-D0C0-15A6-73208179CCF1}.release|editor64.ActiveCfg = release editor64|x64
		{E00FA80F-4C24-D0C0-15A6-73208179CCF1}.release|editor64.Build.0 = release editor64|x64
		{E00FA80F-4C24-D0C0-15A6-73208179CCF1}.release|runtime64.ActiveCfg = release runtime64|x64
		{E00FA80F-4C24-D0C0-15A6-73208179CCF1}.release|runtime64.Build.0 = release runtime64|x64
		{76AD0322-627A-5E2D-8B93-4CD577BF93BB}.debug|editor64.ActiveCfg = debug editor64|x64
		{76AD0322-627A-5E2D-8B93-4CD577BF93BB}.debug|editor64.Build.0 = debug editor64|x64
		{76AD0322-627A-5E2D-8B93-4CD577BF93BB}.debug|runtime64.ActiveCfg = debug runtime64|x64
		{76AD0322-627A-5E2D-8B93-4CD577BF93BB}.debug|runtime64.Build.0 = debug runtime64|x64
		{76AD0322-627A-5E2D-8B93-4CD577BF93BB}.distribution|editor64.ActiveCfg = distribution editor64|x64
		{76AD0322-627A-5E2D-8B93-4CD577BF93BB}.distribution|editor64.Build.0 = distribution editor64|x64
		{76AD0322-627A-5E2D-8B93-4CD577BF93BB}.distribution|runtime64.ActiveCfg = distribution runtime64|x64
		{76AD0322-627A-5E2D-8B93-4CD577BF93BB}.distribution|runtime64.Build.0 = distribution runtime64|x64
		{76AD0322-627A-5E2D-8B93-4CD577BF93BB}.release|editor64.ActiveCfg = release editor64|x64
		{76AD0322-627A-5E2D-8B93-4CD577BF93BB}.release|editor64.Build.0 = release editor64|x64
		{76AD0322-627A-5E2D-8B93-4CD577BF93BB}.release|runtime64.ActiveCfg = release runtime64|x64
		{76AD0322-627A-5E2D-8B93-4CD577BF93BB}.release|runtime64.Build.0 = release runtime64|x64
		{6EAB880B-DAB4-887C-6330-9F7CCF38947C}.debug|editor64.ActiveCfg = debug editor64|x64
		{6EAB880B-DAB4-887C-6330-9F7CCF38947C}.debug|editor64.Build.0 = debug editor64|x64
		{6EAB880B-DAB4-887C-6330-9F7CCF38947C}.debug|runtime64.ActiveCfg = debug runtime64|x64
		{6EAB880B-DAB4-887C-6330-9F7CCF38947C}.debug|runtime64.Build.0 = debug runtime64|x64
		{6EAB880B-DAB4-887C-6330-9F7CCF38947C}.distribution|editor64.ActiveCfg = distribution editor64|x64
		{6EAB880B-DAB4-887C-6330-9F7CCF38947C}.distribution|editor64.Build.0 = distribution editor64|x64
		{6EAB880B-DAB4-887C-6330-9F7CCF38947C}.distribution|runtime64.ActiveCfg = distribution runtime64|x64
		{6EAB880B-DAB4-887C-6330-9F7CCF38947C}.distribution|runtime64.Build.0 = distribution runtime64|x64
		{6EAB880B-DAB4-887C-6330-9F7CCF38947C}.release|editor64.ActiveCfg = release editor64|x64
		{6EAB880B-DAB4-887C-6330-9F7CCF38947C}.release|editor64.Build.0 = release editor64|x64
		{6EAB880B-DAB4-887C-6330-9F7CCF38947C}.release|runtime64.ActiveCfg = release runtime64|x64
		{6EAB880B-DAB4-887C-6330-9F7CCF38947C}.release|runtime64.Build.0 = release runtime64|x64
		{88F1A057-74BE-FB62-9DD7-E90A890331F1}.debug|editor64.ActiveCfg = debug editor64|x64
		{88F1A057-74BE-FB62-9DD7-E90A890331F1}.debug|editor64.Build.0 = debug editor64|x64
		{88F1A057-74BE-FB62-9DD7-E90A890331F1}.debug|runtime64.ActiveCfg = debug runtime64|x64
		{88F1A057-74BE-FB62-9DD7-E90A890331F1}.debug|runtime64.Build.0 = debug runtime64|x64
		{88F1A057-74BE-FB62-9DD7-E90A890331F1}.distribution|editor64.ActiveCfg = distribution editor64|x64
		{88F1A057-74BE-FB62-9DD7-E90A890331F1}.distribution|editor64.Build.0 = distribution editor64|x64
		{88F1A057-74BE-FB62-9DD7-E90A890331F1}.distribution|runtime64.ActiveCfg = distribution runtime64|x64
		{88F1A057-74BE-FB62-9DD7-E90A890331F1}.distribution|runtime64.Build.0 = distribution runtime64|x64
		{88F1A057-74BE-FB62-9DD7-E90A890331F1}.release|editor64.ActiveCfg = release editor64|x64
		{88F1A057-74BE-FB62-9DD7-E90A890331F1}.release|editor64.Build.0 = release editor64|x64
		{88F1A057-74BE-FB62-9DD7-E90A890331F1}.release|runtime64.ActiveCfg = release runtime64|x64
		{88F1A057-74BE-FB62-9DD7-E90A890331F1}.release|runtime64.Build.0 = release runtime64|x64
	EndGlobalSection
	GlobalSection(SolutionProperties) = preSolution
		HideSolutionNode = FALSE
	EndGlobalSection
	GlobalSection(NestedProjects) = preSolution
		{0CDA4CF2-F87B-77C8-E136-8B1CCD77FE18} = {352CD55D-21E4-16AB-8AEB-EF0676C2B19B}
		{B5489A7C-A17F-9B0D-4A6C-81103682170F} = {352CD55D-21E4-16AB-8AEB-EF0676C2B19B}
		{692D2264-D50C-A1FF-DE24-2CD64A830761} = {352CD55D-21E4-16AB-8AEB-EF0676C2B19B}
		{154B857C-0182-860D-AA6E-6C109684020F} = {5792A83A-438B-C78C-6CBD-AC115815A798}
		{C4141359-30CA-8B4E-B9BE-852525738252} = {5792A83A-438B-C78C-6CBD-AC115815A798}
		{E00FA80F-4C24-D0C0-15A6-73208179CCF1} = {5792A83A-438B-C78C-6CBD-AC115815A798}
		{76AD0322-627A-5E2D-8B93-4CD577BF93BB} = {5792A83A-438B-C78C-6CBD-AC115815A798}
		{6EAB880B-DAB4-887C-6330-9F7CCF38947C} = {5792A83A-438B-C78C-6CBD-AC115815A798}
		{88F1A057-74BE-FB62-9DD7-E90A890331F1} = {5792A83A-438B-C78C-6CBD-AC115815A798}
	EndGlobalSection
EndGlobal
